<?xml version="1.0" encoding="UTF-8"?>
<Scheme
   version = "1.3">
   <BuildAction>
      <BuildActionEntries>
         <BuildActionEntry
            buildForRunning = "YES">
            <BuildableReference
               BuildableIdentifier = "primary"
               BlueprintIdentifier = "C228F50BD34E284B02AD1268"
               BuildableName = "KeyFrameAnimation.app"
               BlueprintName = "KeyFrameAnimation"
               ReferencedContainer = "container:KeyFrameAnimation.xcodeproj">
            </BuildableReference>
         </BuildActionEntry>
      </BuildActionEntries>
   </BuildAction>
   <LaunchAction
      useCustomWorkingDirectory = "NO"
      buildConfiguration = "Debug"
      allowLocationSimulation = "YES">
      <BuildableProductRunnable>
         <BuildableReference
            BuildableIdentifier = "primary"
            BlueprintIdentifier = "C228F50BD34E284B02AD1268"
            BuildableName = "KeyFrameAnimation.app"
            BlueprintName = "KeyFrameAnimation"
            ReferencedContainer = "container:KeyFrameAnimation.xcodeproj">
         </BuildableReference>
      </BuildableProductRunnable>
   </LaunchAction>
</Scheme>
