<?xml version="1.0" encoding="UTF-8"?>
<Scheme
   version = "1.3">
   <BuildAction>
      <BuildActionEntries>
         <BuildActionEntry
            buildForRunning = "YES">
            <BuildableReference
               BuildableIdentifier = "primary"
               BlueprintIdentifier = "C228F67455E9AA46F8F7E91C"
               BuildableName = "ShapeLayer.app"
               BlueprintName = "ShapeLayer"
               ReferencedContainer = "container:ShapeLayer.xcodeproj">
            </BuildableReference>
         </BuildActionEntry>
      </BuildActionEntries>
   </BuildAction>
   <LaunchAction
      useCustomWorkingDirectory = "NO"
      buildConfiguration = "Debug"
      allowLocationSimulation = "YES">
      <BuildableProductRunnable>
         <BuildableReference
            BuildableIdentifier = "primary"
            BlueprintIdentifier = "C228F67455E9AA46F8F7E91C"
            BuildableName = "ShapeLayer.app"
            BlueprintName = "ShapeLayer"
            ReferencedContainer = "container:ShapeLayer.xcodeproj">
         </BuildableReference>
      </BuildableProductRunnable>
   </LaunchAction>
</Scheme>
