// !$*UTF8*$!
{
	archiveVersion = 1;
	classes = {
	};
	objectVersion = 48;
	objects = {

/* Begin PBXBuildFile section */
		C733218420EB4E4D000C4D23 /* AppDelegate.m in Sources */ = {isa = PBXBuildFile; fileRef = C733218320EB4E4D000C4D23 /* AppDelegate.m */; };
		C733218720EB4E4D000C4D23 /* ViewController.m in Sources */ = {isa = PBXBuildFile; fileRef = C733218620EB4E4D000C4D23 /* ViewController.m */; };
		C733218A20EB4E4D000C4D23 /* Main.storyboard in Resources */ = {isa = PBXBuildFile; fileRef = C733218820EB4E4D000C4D23 /* Main.storyboard */; };
		C733218C20EB4E4D000C4D23 /* Assets.xcassets in Resources */ = {isa = PBXBuildFile; fileRef = C733218B20EB4E4D000C4D23 /* Assets.xcassets */; };
		C733218F20EB4E4D000C4D23 /* LaunchScreen.storyboard in Resources */ = {isa = PBXBuildFile; fileRef = C733218D20EB4E4D000C4D23 /* LaunchScreen.storyboard */; };
		C733219220EB4E4D000C4D23 /* main.m in Sources */ = {isa = PBXBuildFile; fileRef = C733219120EB4E4D000C4D23 /* main.m */; };
/* End PBXBuildFile section */

/* Begin PBXFileReference section */
		C733217F20EB4E4D000C4D23 /* VisualEffects.app */ = {isa = PBXFileReference; explicitFileType = wrapper.application; includeInIndex = 0; path = VisualEffects.app; sourceTree = BUILT_PRODUCTS_DIR; };
		C733218220EB4E4D000C4D23 /* AppDelegate.h */ = {isa = PBXFileReference; lastKnownFileType = sourcecode.c.h; path = AppDelegate.h; sourceTree = "<group>"; };
		C733218320EB4E4D000C4D23 /* AppDelegate.m */ = {isa = PBXFileReference; lastKnownFileType = sourcecode.c.objc; path = AppDelegate.m; sourceTree = "<group>"; };
		C733218520EB4E4D000C4D23 /* ViewController.h */ = {isa = PBXFileReference; lastKnownFileType = sourcecode.c.h; path = ViewController.h; sourceTree = "<group>"; };
		C733218620EB4E4D000C4D23 /* ViewController.m */ = {isa = PBXFileReference; lastKnownFileType = sourcecode.c.objc; path = ViewController.m; sourceTree = "<group>"; };
		C733218920EB4E4D000C4D23 /* Base */ = {isa = PBXFileReference; lastKnownFileType = file.storyboard; name = Base; path = Base.lproj/Main.storyboard; sourceTree = "<group>"; };
		C733218B20EB4E4D000C4D23 /* Assets.xcassets */ = {isa = PBXFileReference; lastKnownFileType = folder.assetcatalog; path = Assets.xcassets; sourceTree = "<group>"; };
		C733218E20EB4E4D000C4D23 /* Base */ = {isa = PBXFileReference; lastKnownFileType = file.storyboard; name = Base; path = Base.lproj/LaunchScreen.storyboard; sourceTree = "<group>"; };
		C733219020EB4E4D000C4D23 /* Info.plist */ = {isa = PBXFileReference; lastKnownFileType = text.plist.xml; path = Info.plist; sourceTree = "<group>"; };
		C733219120EB4E4D000C4D23 /* main.m */ = {isa = PBXFileReference; lastKnownFileType = sourcecode.c.objc; path = main.m; sourceTree = "<group>"; };
/* End PBXFileReference section */

/* Begin PBXFrameworksBuildPhase section */
		C733217C20EB4E4D000C4D23 /* Frameworks */ = {
			isa = PBXFrameworksBuildPhase;
			buildActionMask = 2147483647;
			files = (
			);
			runOnlyForDeploymentPostprocessing = 0;
		};
/* End PBXFrameworksBuildPhase section */

/* Begin PBXGroup section */
		C733217620EB4E4D000C4D23 = {
			isa = PBXGroup;
			children = (
				C733218120EB4E4D000C4D23 /* VisualEffects */,
				C733218020EB4E4D000C4D23 /* Products */,
			);
			sourceTree = "<group>";
		};
		C733218020EB4E4D000C4D23 /* Products */ = {
			isa = PBXGroup;
			children = (
				C733217F20EB4E4D000C4D23 /* VisualEffects.app */,
			);
			name = Products;
			sourceTree = "<group>";
		};
		C733218120EB4E4D000C4D23 /* VisualEffects */ = {
			isa = PBXGroup;
			children = (
				C733218220EB4E4D000C4D23 /* AppDelegate.h */,
				C733218320EB4E4D000C4D23 /* AppDelegate.m */,
				C733218520EB4E4D000C4D23 /* ViewController.h */,
				C733218620EB4E4D000C4D23 /* ViewController.m */,
				C733218820EB4E4D000C4D23 /* Main.storyboard */,
				C733218B20EB4E4D000C4D23 /* Assets.xcassets */,
				C733218D20EB4E4D000C4D23 /* LaunchScreen.storyboard */,
				C733219020EB4E4D000C4D23 /* Info.plist */,
				C733219120EB4E4D000C4D23 /* main.m */,
			);
			path = VisualEffects;
			sourceTree = "<group>";
		};
/* End PBXGroup section */

/* Begin PBXNativeTarget section */
		C733217E20EB4E4D000C4D23 /* VisualEffects */ = {
			isa = PBXNativeTarget;
			buildConfigurationList = C733219520EB4E4D000C4D23 /* Build configuration list for PBXNativeTarget "VisualEffects" */;
			buildPhases = (
				C733217B20EB4E4D000C4D23 /* Sources */,
				C733217C20EB4E4D000C4D23 /* Frameworks */,
				C733217D20EB4E4D000C4D23 /* Resources */,
			);
			buildRules = (
			);
			dependencies = (
			);
			name = VisualEffects;
			productName = VisualEffects;
			productReference = C733217F20EB4E4D000C4D23 /* VisualEffects.app */;
			productType = "com.apple.product-type.application";
		};
/* End PBXNativeTarget section */

/* Begin PBXProject section */
		C733217720EB4E4D000C4D23 /* Project object */ = {
			isa = PBXProject;
			attributes = {
				LastUpgradeCheck = 0920;
				ORGANIZATIONNAME = henry;
				TargetAttributes = {
					C733217E20EB4E4D000C4D23 = {
						CreatedOnToolsVersion = 9.2;
						ProvisioningStyle = Automatic;
					};
				};
			};
			buildConfigurationList = C733217A20EB4E4D000C4D23 /* Build configuration list for PBXProject "VisualEffects" */;
			compatibilityVersion = "Xcode 8.0";
			developmentRegion = en;
			hasScannedForEncodings = 0;
			knownRegions = (
				en,
				Base,
			);
			mainGroup = C733217620EB4E4D000C4D23;
			productRefGroup = C733218020EB4E4D000C4D23 /* Products */;
			projectDirPath = "";
			projectRoot = "";
			targets = (
				C733217E20EB4E4D000C4D23 /* VisualEffects */,
			);
		};
/* End PBXProject section */

/* Begin PBXResourcesBuildPhase section */
		C733217D20EB4E4D000C4D23 /* Resources */ = {
			isa = PBXResourcesBuildPhase;
			buildActionMask = 2147483647;
			files = (
				C733218F20EB4E4D000C4D23 /* LaunchScreen.storyboard in Resources */,
				C733218C20EB4E4D000C4D23 /* Assets.xcassets in Resources */,
				C733218A20EB4E4D000C4D23 /* Main.storyboard in Resources */,
			);
			runOnlyForDeploymentPostprocessing = 0;
		};
/* End PBXResourcesBuildPhase section */

/* Begin PBXSourcesBuildPhase section */
		C733217B20EB4E4D000C4D23 /* Sources */ = {
			isa = PBXSourcesBuildPhase;
			buildActionMask = 2147483647;
			files = (
				C733218720EB4E4D000C4D23 /* ViewController.m in Sources */,
				C733219220EB4E4D000C4D23 /* main.m in Sources */,
				C733218420EB4E4D000C4D23 /* AppDelegate.m in Sources */,
			);
			runOnlyForDeploymentPostprocessing = 0;
		};
/* End PBXSourcesBuildPhase section */

/* Begin PBXVariantGroup section */
		C733218820EB4E4D000C4D23 /* Main.storyboard */ = {
			isa = PBXVariantGroup;
			children = (
				C733218920EB4E4D000C4D23 /* Base */,
			);
			name = Main.storyboard;
			sourceTree = "<group>";
		};
		C733218D20EB4E4D000C4D23 /* LaunchScreen.storyboard */ = {
			isa = PBXVariantGroup;
			children = (
				C733218E20EB4E4D000C4D23 /* Base */,
			);
			name = LaunchScreen.storyboard;
			sourceTree = "<group>";
		};
/* End PBXVariantGroup section */

/* Begin XCBuildConfiguration section */
		C733219320EB4E4D000C4D23 /* Debug */ = {
			isa = XCBuildConfiguration;
			buildSettings = {
				ALWAYS_SEARCH_USER_PATHS = NO;
				CLANG_ANALYZER_NONNULL = YES;
				CLANG_ANALYZER_NUMBER_OBJECT_CONVERSION = YES_AGGRESSIVE;
				CLANG_CXX_LANGUAGE_STANDARD = "gnu++14";
				CLANG_CXX_LIBRARY = "libc++";
				CLANG_ENABLE_MODULES = YES;
				CLANG_ENABLE_OBJC_ARC = YES;
				CLANG_WARN_BLOCK_CAPTURE_AUTORELEASING = YES;
				CLANG_WARN_BOOL_CONVERSION = YES;
				CLANG_WARN_COMMA = YES;
				CLANG_WARN_CONSTANT_CONVERSION = YES;
				CLANG_WARN_DIRECT_OBJC_ISA_USAGE = YES_ERROR;
				CLANG_WARN_DOCUMENTATION_COMMENTS = YES;
				CLANG_WARN_EMPTY_BODY = YES;
				CLANG_WARN_ENUM_CONVERSION = YES;
				CLANG_WARN_INFINITE_RECURSION = YES;
				CLANG_WARN_INT_CONVERSION = YES;
				CLANG_WARN_NON_LITERAL_NULL_CONVERSION = YES;
				CLANG_WARN_OBJC_LITERAL_CONVERSION = YES;
				CLANG_WARN_OBJC_ROOT_CLASS = YES_ERROR;
				CLANG_WARN_RANGE_LOOP_ANALYSIS = YES;
				CLANG_WARN_STRICT_PROTOTYPES = YES;
				CLANG_WARN_SUSPICIOUS_MOVE = YES;
				CLANG_WARN_UNGUARDED_AVAILABILITY = YES_AGGRESSIVE;
				CLANG_WARN_UNREACHABLE_CODE = YES;
				CLANG_WARN__DUPLICATE_METHOD_MATCH = YES;
				CODE_SIGN_IDENTITY = "iPhone Developer";
				COPY_PHASE_STRIP = NO;
				DEBUG_INFORMATION_FORMAT = dwarf;
				ENABLE_STRICT_OBJC_MSGSEND = YES;
				ENABLE_TESTABILITY = YES;
				GCC_C_LANGUAGE_STANDARD = gnu11;
				GCC_DYNAMIC_NO_PIC = NO;
				GCC_NO_COMMON_BLOCKS = YES;
				GCC_OPTIMIZATION_LEVEL = 0;
				GCC_PREPROCESSOR_DEFINITIONS = (
					"DEBUG=1",
					"$(inherited)",
				);
				GCC_WARN_64_TO_32_BIT_CONVERSION = YES;
				GCC_WARN_ABOUT_RETURN_TYPE = YES_ERROR;
				GCC_WARN_UNDECLARED_SELECTOR = YES;
				GCC_WARN_UNINITIALIZED_AUTOS = YES_AGGRESSIVE;
				GCC_WARN_UNUSED_FUNCTION = YES;
				GCC_WARN_UNUSED_VARIABLE = YES;
				IPHONEOS_DEPLOYMENT_TARGET = 11.2;
				MTL_ENABLE_DEBUG_INFO = YES;
				ONLY_ACTIVE_ARCH = YES;
				SDKROOT = iphoneos;
			};
			name = Debug;
		};
		C733219420EB4E4D000C4D23 /* Release */ = {
			isa = XCBuildConfiguration;
			buildSettings = {
				ALWAYS_SEARCH_USER_PATHS = NO;
				CLANG_ANALYZER_NONNULL = YES;
				CLANG_ANALYZER_NUMBER_OBJECT_CONVERSION = YES_AGGRESSIVE;
				CLANG_CXX_LANGUAGE_STANDARD = "gnu++14";
				CLANG_CXX_LIBRARY = "libc++";
				CLANG_ENABLE_MODULES = YES;
				CLANG_ENABLE_OBJC_ARC = YES;
				CLANG_WARN_BLOCK_CAPTURE_AUTORELEASING = YES;
				CLANG_WARN_BOOL_CONVERSION = YES;
				CLANG_WARN_COMMA = YES;
				CLANG_WARN_CONSTANT_CONVERSION = YES;
				CLANG_WARN_DIRECT_OBJC_ISA_USAGE = YES_ERROR;
				CLANG_WARN_DOCUMENTATION_COMMENTS = YES;
				CLANG_WARN_EMPTY_BODY = YES;
				CLANG_WARN_ENUM_CONVERSION = YES;
				CLANG_WARN_INFINITE_RECURSION = YES;
				CLANG_WARN_INT_CONVERSION = YES;
				CLANG_WARN_NON_LITERAL_NULL_CONVERSION = YES;
				CLANG_WARN_OBJC_LITERAL_CONVERSION = YES;
				CLANG_WARN_OBJC_ROOT_CLASS = YES_ERROR;
				CLANG_WARN_RANGE_LOOP_ANALYSIS = YES;
				CLANG_WARN_STRICT_PROTOTYPES = YES;
				CLANG_WARN_SUSPICIOUS_MOVE = YES;
				CLANG_WARN_UNGUARDED_AVAILABILITY = YES_AGGRESSIVE;
				CLANG_WARN_UNREACHABLE_CODE = YES;
				CLANG_WARN__DUPLICATE_METHOD_MATCH = YES;
				CODE_SIGN_IDENTITY = "iPhone Developer";
				COPY_PHASE_STRIP = NO;
				DEBUG_INFORMATION_FORMAT = "dwarf-with-dsym";
				ENABLE_NS_ASSERTIONS = NO;
				ENABLE_STRICT_OBJC_MSGSEND = YES;
				GCC_C_LANGUAGE_STANDARD = gnu11;
				GCC_NO_COMMON_BLOCKS = YES;
				GCC_WARN_64_TO_32_BIT_CONVERSION = YES;
				GCC_WARN_ABOUT_RETURN_TYPE = YES_ERROR;
				GCC_WARN_UNDECLARED_SELECTOR = YES;
				GCC_WARN_UNINITIALIZED_AUTOS = YES_AGGRESSIVE;
				GCC_WARN_UNUSED_FUNCTION = YES;
				GCC_WARN_UNUSED_VARIABLE = YES;
				IPHONEOS_DEPLOYMENT_TARGET = 11.2;
				MTL_ENABLE_DEBUG_INFO = NO;
				SDKROOT = iphoneos;
				VALIDATE_PRODUCT = YES;
			};
			name = Release;
		};
		C733219620EB4E4D000C4D23 /* Debug */ = {
			isa = XCBuildConfiguration;
			buildSettings = {
				ASSETCATALOG_COMPILER_APPICON_NAME = AppIcon;
				CODE_SIGN_STYLE = Automatic;
				DEVELOPMENT_TEAM = 46T8834277;
				INFOPLIST_FILE = VisualEffects/Info.plist;
				LD_RUNPATH_SEARCH_PATHS = "$(inherited) @executable_path/Frameworks";
				PRODUCT_BUNDLE_IDENTIFIER = com.cmss.VisualEffects;
				PRODUCT_NAME = "$(TARGET_NAME)";
				TARGETED_DEVICE_FAMILY = "1,2";
			};
			name = Debug;
		};
		C733219720EB4E4D000C4D23 /* Release */ = {
			isa = XCBuildConfiguration;
			buildSettings = {
				ASSETCATALOG_COMPILER_APPICON_NAME = AppIcon;
				CODE_SIGN_STYLE = Automatic;
				DEVELOPMENT_TEAM = 46T8834277;
				INFOPLIST_FILE = VisualEffects/Info.plist;
				LD_RUNPATH_SEARCH_PATHS = "$(inherited) @executable_path/Frameworks";
				PRODUCT_BUNDLE_IDENTIFIER = com.cmss.VisualEffects;
				PRODUCT_NAME = "$(TARGET_NAME)";
				TARGETED_DEVICE_FAMILY = "1,2";
			};
			name = Release;
		};
/* End XCBuildConfiguration section */

/* Begin XCConfigurationList section */
		C733217A20EB4E4D000C4D23 /* Build configuration list for PBXProject "VisualEffects" */ = {
			isa = XCConfigurationList;
			buildConfigurations = (
				C733219320EB4E4D000C4D23 /* Debug */,
				C733219420EB4E4D000C4D23 /* Release */,
			);
			defaultConfigurationIsVisible = 0;
			defaultConfigurationName = Release;
		};
		C733219520EB4E4D000C4D23 /* Build configuration list for PBXNativeTarget "VisualEffects" */ = {
			isa = XCConfigurationList;
			buildConfigurations = (
				C733219620EB4E4D000C4D23 /* Debug */,
				C733219720EB4E4D000C4D23 /* Release */,
			);
			defaultConfigurationIsVisible = 0;
			defaultConfigurationName = Release;
		};
/* End XCConfigurationList section */
	};
	rootObject = C733217720EB4E4D000C4D23 /* Project object */;
}
