// !$*UTF8*$!
{
	archiveVersion = 1;
	classes = {
	};
	objectVersion = 46;
	objects = {

/* Begin PBXBuildFile section */
		C228F3CE17E289982DE07AEA /* ViewController.m in Sources */ = {isa = PBXBuildFile; fileRef = C228F11C1B4153386B891D23 /* ViewController.m */; };
		C228F4EDBB1E1016372FAE63 /* Assets.xcassets in Resources */ = {isa = PBXBuildFile; fileRef = C228FF220611A11612454FC4 /* Assets.xcassets */; };
		C228F4FFD2EBBF4523424015 /* AppDelegate.m in Sources */ = {isa = PBXBuildFile; fileRef = C228FF50BCB04F1FB25E0A2B /* AppDelegate.m */; };
		C228FA1B75769E0CA04BF7C3 /* Main.storyboard in Resources */ = {isa = PBXBuildFile; fileRef = C228F4878134BA271AD0D5B6 /* Main.storyboard */; };
		C228FA42834EB5FDA0D27C16 /* main.m in Sources */ = {isa = PBXBuildFile; fileRef = C228F76B67BCC223E3B85A21 /* main.m */; };
		C228FF7183EEB07174B0F3BF /* LaunchScreen.storyboard in Resources */ = {isa = PBXBuildFile; fileRef = C228F90C806A3B8D14DDD83A /* LaunchScreen.storyboard */; };
/* End PBXBuildFile section */

/* Begin PBXFileReference section */
		C228F11C1B4153386B891D23 /* ViewController.m */ = {isa = PBXFileReference; lastKnownFileType = sourcecode.c.objc; path = ViewController.m; sourceTree = "<group>"; };
		C228F64C6A33D305518E95EF /* Base */ = {isa = PBXFileReference; lastKnownFileType = file.storyboard; name = Base; path = Base.lproj/Main.storyboard; sourceTree = "<group>"; };
		C228F7679CBE216ADFA4FE3F /* ViewController.h */ = {isa = PBXFileReference; lastKnownFileType = sourcecode.c.h; path = ViewController.h; sourceTree = "<group>"; };
		C228F76B67BCC223E3B85A21 /* main.m */ = {isa = PBXFileReference; lastKnownFileType = sourcecode.c.objc; path = main.m; sourceTree = "<group>"; };
		C228F782260B2ACB03782A86 /* Info.plist */ = {isa = PBXFileReference; lastKnownFileType = text.plist.info; path = Info.plist; sourceTree = "<group>"; };
		C228FA8D5C7672638946E4E7 /* AppDelegate.h */ = {isa = PBXFileReference; lastKnownFileType = sourcecode.c.h; path = AppDelegate.h; sourceTree = "<group>"; };
		C228FAEFFB1F13267CB4FE51 /* Base */ = {isa = PBXFileReference; lastKnownFileType = file.storyboard; name = Base; path = Base.lproj/LaunchScreen.storyboard; sourceTree = "<group>"; };
		C228FE12CC68465529D29D32 /* TransitionsAnimation.app */ = {isa = PBXFileReference; explicitFileType = wrapper.application; includeInIndex = 0; path = TransitionsAnimation.app; sourceTree = BUILT_PRODUCTS_DIR; };
		C228FF220611A11612454FC4 /* Assets.xcassets */ = {isa = PBXFileReference; lastKnownFileType = folder.assetcatalog; path = Assets.xcassets; sourceTree = "<group>"; };
		C228FF50BCB04F1FB25E0A2B /* AppDelegate.m */ = {isa = PBXFileReference; lastKnownFileType = sourcecode.c.objc; path = AppDelegate.m; sourceTree = "<group>"; };
/* End PBXFileReference section */

/* Begin PBXFrameworksBuildPhase section */
		C228F2DFA6E46FBA9EF1A33E /* Frameworks */ = {
			isa = PBXFrameworksBuildPhase;
			buildActionMask = 2147483647;
			files = (
			);
			runOnlyForDeploymentPostprocessing = 0;
		};
/* End PBXFrameworksBuildPhase section */

/* Begin PBXGroup section */
		C228F5E42177AECFE5315BF5 = {
			isa = PBXGroup;
			children = (
				C228FC9CCE661E32FC5FECE3 /* Products */,
				C228FFB27BF944639317FF5C /* TransitionsAnimation */,
			);
			sourceTree = "<group>";
		};
		C228FC9CCE661E32FC5FECE3 /* Products */ = {
			isa = PBXGroup;
			children = (
				C228FE12CC68465529D29D32 /* TransitionsAnimation.app */,
			);
			name = Products;
			sourceTree = "<group>";
		};
		C228FFB27BF944639317FF5C /* TransitionsAnimation */ = {
			isa = PBXGroup;
			children = (
				C228F782260B2ACB03782A86 /* Info.plist */,
				C228FF220611A11612454FC4 /* Assets.xcassets */,
				C228F90C806A3B8D14DDD83A /* LaunchScreen.storyboard */,
				C228F76B67BCC223E3B85A21 /* main.m */,
				C228FA8D5C7672638946E4E7 /* AppDelegate.h */,
				C228FF50BCB04F1FB25E0A2B /* AppDelegate.m */,
				C228F4878134BA271AD0D5B6 /* Main.storyboard */,
				C228F7679CBE216ADFA4FE3F /* ViewController.h */,
				C228F11C1B4153386B891D23 /* ViewController.m */,
			);
			path = TransitionsAnimation;
			sourceTree = "<group>";
		};
/* End PBXGroup section */

/* Begin PBXNativeTarget section */
		C228F5BB0BAF2BBF4AC8020A /* TransitionsAnimation */ = {
			isa = PBXNativeTarget;
			buildConfigurationList = C228F996916E40B8E62E02B4 /* Build configuration list for PBXNativeTarget "TransitionsAnimation" */;
			buildPhases = (
				C228F36CDCBDC339A9DDFD86 /* Sources */,
				C228F2DFA6E46FBA9EF1A33E /* Frameworks */,
				C228F4A014C3AC476B041A78 /* Resources */,
			);
			buildRules = (
			);
			dependencies = (
			);
			name = TransitionsAnimation;
			productName = TransitionsAnimation;
			productReference = C228FE12CC68465529D29D32 /* TransitionsAnimation.app */;
			productType = "com.apple.product-type.application";
		};
/* End PBXNativeTarget section */

/* Begin PBXProject section */
		C228FF8CDA36ACFB265D9997 /* Project object */ = {
			isa = PBXProject;
			attributes = {
				ORGANIZATIONNAME = "___FULLUSERNAME___";
			};
			buildConfigurationList = C228F8334FA64E96F3EEF4B0 /* Build configuration list for PBXProject "TransitionsAnimation" */;
			compatibilityVersion = "Xcode 3.2";
			developmentRegion = English;
			hasScannedForEncodings = 0;
			knownRegions = (
				en,
			);
			mainGroup = C228F5E42177AECFE5315BF5;
			productRefGroup = C228FC9CCE661E32FC5FECE3 /* Products */;
			projectDirPath = "";
			projectRoot = "";
			targets = (
				C228F5BB0BAF2BBF4AC8020A /* TransitionsAnimation */,
			);
		};
/* End PBXProject section */

/* Begin PBXResourcesBuildPhase section */
		C228F4A014C3AC476B041A78 /* Resources */ = {
			isa = PBXResourcesBuildPhase;
			buildActionMask = 2147483647;
			files = (
				C228F4EDBB1E1016372FAE63 /* Assets.xcassets in Resources */,
				C228FF7183EEB07174B0F3BF /* LaunchScreen.storyboard in Resources */,
				C228FA1B75769E0CA04BF7C3 /* Main.storyboard in Resources */,
			);
			runOnlyForDeploymentPostprocessing = 0;
		};
/* End PBXResourcesBuildPhase section */

/* Begin PBXSourcesBuildPhase section */
		C228F36CDCBDC339A9DDFD86 /* Sources */ = {
			isa = PBXSourcesBuildPhase;
			buildActionMask = 2147483647;
			files = (
				C228FA42834EB5FDA0D27C16 /* main.m in Sources */,
				C228F4FFD2EBBF4523424015 /* AppDelegate.m in Sources */,
				C228F3CE17E289982DE07AEA /* ViewController.m in Sources */,
			);
			runOnlyForDeploymentPostprocessing = 0;
		};
/* End PBXSourcesBuildPhase section */

/* Begin PBXVariantGroup section */
		C228F4878134BA271AD0D5B6 /* Main.storyboard */ = {
			isa = PBXVariantGroup;
			children = (
				C228F64C6A33D305518E95EF /* Base */,
			);
			name = Main.storyboard;
			sourceTree = "<group>";
		};
		C228F90C806A3B8D14DDD83A /* LaunchScreen.storyboard */ = {
			isa = PBXVariantGroup;
			children = (
				C228FAEFFB1F13267CB4FE51 /* Base */,
			);
			name = LaunchScreen.storyboard;
			sourceTree = "<group>";
		};
/* End PBXVariantGroup section */

/* Begin XCBuildConfiguration section */
		C228F14AE4385F4188007382 /* Release */ = {
			isa = XCBuildConfiguration;
			buildSettings = {
				ASSETCATALOG_COMPILER_APPICON_NAME = AppIcon;
				INFOPLIST_FILE = TransitionsAnimation/Info.plist;
				LD_RUNPATH_SEARCH_PATHS = "$(inherited) @executable_path/Frameworks";
				PRODUCT_BUNDLE_IDENTIFIER = com.ccdd.TransitionsAnimation;
				PRODUCT_NAME = "$(TARGET_NAME)";
				TARGETED_DEVICE_FAMILY = "1,2";
			};
			name = Release;
		};
		C228F30D16AA5302B8FB80A9 /* Debug */ = {
			isa = XCBuildConfiguration;
			buildSettings = {
				ASSETCATALOG_COMPILER_APPICON_NAME = AppIcon;
				INFOPLIST_FILE = TransitionsAnimation/Info.plist;
				LD_RUNPATH_SEARCH_PATHS = "$(inherited) @executable_path/Frameworks";
				PRODUCT_BUNDLE_IDENTIFIER = com.ccdd.TransitionsAnimation;
				PRODUCT_NAME = "$(TARGET_NAME)";
				TARGETED_DEVICE_FAMILY = "1,2";
			};
			name = Debug;
		};
		C228F65AF3183C6D6C058DE2 /* Debug */ = {
			isa = XCBuildConfiguration;
			buildSettings = {
				ALWAYS_SEARCH_USER_PATHS = NO;
				CLANG_ANALYZER_NONNULL = YES;
				CLANG_ANALYZER_NUMBER_OBJECT_CONVERSION = YES_AGGRESSIVE;
				CLANG_CXX_LANGUAGE_STANDARD = "gnu++14";
				CLANG_CXX_LIBRARY = "libc++";
				CLANG_ENABLE_MODULES = YES;
				CLANG_ENABLE_OBJC_ARC = YES;
				CLANG_WARN_BLOCK_CAPTURE_AUTORELEASING = YES;
				CLANG_WARN_BOOL_CONVERSION = YES;
				CLANG_WARN_COMMA = YES;
				CLANG_WARN_CONSTANT_CONVERSION = YES;
				CLANG_WARN_DIRECT_OBJC_ISA_USAGE = YES_ERROR;
				CLANG_WARN_DOCUMENTATION_COMMENTS = YES;
				CLANG_WARN_EMPTY_BODY = YES;
				CLANG_WARN_ENUM_CONVERSION = YES;
				CLANG_WARN_INFINITE_RECURSION = YES;
				CLANG_WARN_INT_CONVERSION = YES;
				CLANG_WARN_NON_LITERAL_NULL_CONVERSION = YES;
				CLANG_WARN_OBJC_LITERAL_CONVERSION = YES;
				CLANG_WARN_OBJC_ROOT_CLASS = YES_ERROR;
				CLANG_WARN_RANGE_LOOP_ANALYSIS = YES;
				CLANG_WARN_STRICT_PROTOTYPES = YES;
				CLANG_WARN_SUSPICIOUS_MOVE = YES;
				CLANG_WARN_UNGUARDED_AVAILABILITY = YES_AGGRESSIVE;
				CLANG_WARN_UNREACHABLE_CODE = YES;
				CLANG_WARN__DUPLICATE_METHOD_MATCH = YES;
				CODE_SIGN_IDENTITY = "iPhone Developer";
				COPY_PHASE_STRIP = NO;
				DEBUG_INFORMATION_FORMAT = dwarf;
				ENABLE_STRICT_OBJC_MSGSEND = YES;
				ENABLE_TESTABILITY = YES;
				GCC_C_LANGUAGE_STANDARD = gnu11;
				GCC_DYNAMIC_NO_PIC = NO;
				GCC_NO_COMMON_BLOCKS = YES;
				GCC_OPTIMIZATION_LEVEL = 0;
				GCC_PREPROCESSOR_DEFINITIONS = (
					"DEBUG=1",
					"$(inherited)",
				);
				GCC_WARN_64_TO_32_BIT_CONVERSION = YES;
				GCC_WARN_ABOUT_RETURN_TYPE = YES_ERROR;
				GCC_WARN_UNDECLARED_SELECTOR = YES;
				GCC_WARN_UNINITIALIZED_AUTOS = YES_AGGRESSIVE;
				GCC_WARN_UNUSED_FUNCTION = YES;
				GCC_WARN_UNUSED_VARIABLE = YES;
				IPHONEOS_DEPLOYMENT_TARGET = 11.2;
				MTL_ENABLE_DEBUG_INFO = YES;
				ONLY_ACTIVE_ARCH = YES;
				SDKROOT = iphoneos;
			};
			name = Debug;
		};
		C228FC552917C2E0F699BF10 /* Release */ = {
			isa = XCBuildConfiguration;
			buildSettings = {
				ALWAYS_SEARCH_USER_PATHS = NO;
				CLANG_ANALYZER_NONNULL = YES;
				CLANG_ANALYZER_NUMBER_OBJECT_CONVERSION = YES_AGGRESSIVE;
				CLANG_CXX_LANGUAGE_STANDARD = "gnu++14";
				CLANG_CXX_LIBRARY = "libc++";
				CLANG_ENABLE_MODULES = YES;
				CLANG_ENABLE_OBJC_ARC = YES;
				CLANG_WARN_BLOCK_CAPTURE_AUTORELEASING = YES;
				CLANG_WARN_BOOL_CONVERSION = YES;
				CLANG_WARN_COMMA = YES;
				CLANG_WARN_CONSTANT_CONVERSION = YES;
				CLANG_WARN_DIRECT_OBJC_ISA_USAGE = YES_ERROR;
				CLANG_WARN_DOCUMENTATION_COMMENTS = YES;
				CLANG_WARN_EMPTY_BODY = YES;
				CLANG_WARN_ENUM_CONVERSION = YES;
				CLANG_WARN_INFINITE_RECURSION = YES;
				CLANG_WARN_INT_CONVERSION = YES;
				CLANG_WARN_NON_LITERAL_NULL_CONVERSION = YES;
				CLANG_WARN_OBJC_LITERAL_CONVERSION = YES;
				CLANG_WARN_OBJC_ROOT_CLASS = YES_ERROR;
				CLANG_WARN_RANGE_LOOP_ANALYSIS = YES;
				CLANG_WARN_STRICT_PROTOTYPES = YES;
				CLANG_WARN_SUSPICIOUS_MOVE = YES;
				CLANG_WARN_UNGUARDED_AVAILABILITY = YES_AGGRESSIVE;
				CLANG_WARN_UNREACHABLE_CODE = YES;
				CLANG_WARN__DUPLICATE_METHOD_MATCH = YES;
				CODE_SIGN_IDENTITY = "iPhone Developer";
				COPY_PHASE_STRIP = NO;
				DEBUG_INFORMATION_FORMAT = "dwarf-with-dsym";
				ENABLE_NS_ASSERTIONS = NO;
				ENABLE_STRICT_OBJC_MSGSEND = YES;
				GCC_C_LANGUAGE_STANDARD = gnu11;
				GCC_NO_COMMON_BLOCKS = YES;
				GCC_WARN_64_TO_32_BIT_CONVERSION = YES;
				GCC_WARN_ABOUT_RETURN_TYPE = YES_ERROR;
				GCC_WARN_UNDECLARED_SELECTOR = YES;
				GCC_WARN_UNINITIALIZED_AUTOS = YES_AGGRESSIVE;
				GCC_WARN_UNUSED_FUNCTION = YES;
				GCC_WARN_UNUSED_VARIABLE = YES;
				IPHONEOS_DEPLOYMENT_TARGET = 11.2;
				MTL_ENABLE_DEBUG_INFO = NO;
				SDKROOT = iphoneos;
				VALIDATE_PRODUCT = YES;
			};
			name = Release;
		};
/* End XCBuildConfiguration section */

/* Begin XCConfigurationList section */
		C228F8334FA64E96F3EEF4B0 /* Build configuration list for PBXProject "TransitionsAnimation" */ = {
			isa = XCConfigurationList;
			buildConfigurations = (
				C228F65AF3183C6D6C058DE2 /* Debug */,
				C228FC552917C2E0F699BF10 /* Release */,
			);
			defaultConfigurationIsVisible = 0;
			defaultConfigurationName = Release;
		};
		C228F996916E40B8E62E02B4 /* Build configuration list for PBXNativeTarget "TransitionsAnimation" */ = {
			isa = XCConfigurationList;
			buildConfigurations = (
				C228F30D16AA5302B8FB80A9 /* Debug */,
				C228F14AE4385F4188007382 /* Release */,
			);
			defaultConfigurationIsVisible = 0;
			defaultConfigurationName = Release;
		};
/* End XCConfigurationList section */
	};
	rootObject = C228FF8CDA36ACFB265D9997 /* Project object */;
}
